
Microsoft Visual Studio Solution File, Format Version 12.00
# Visual Studio Version 17
VisualStudioVersion = 17.0.31903.59
MinimumVisualStudioVersion = 10.0.40219.1
Project("{2150E333-8FDC-42A3-9474-1A3956D46DE8}") = "src", "src", "{827E0CD3-B72D-47B6-A68D-7590B98EB39B}"
EndProject
Project("{FAE04EC0-301F-11D3-BF4B-00C04F79EFBC}") = "Parking.Api", "src\Parking.Api\Parking.Api.csproj", "{9B2D16A5-1CDE-4335-B500-B02E6CB6E379}"
EndProject
Project("{FAE04EC0-301F-11D3-BF4B-00C04F79EFBC}") = "Parking.Application", "src\Parking.Application\Parking.Application.csproj", "{DE24709B-C446-4213-BB8D-1FCF011A4903}"
EndProject
Project("{FAE04EC0-301F-11D3-BF4B-00C04F79EFBC}") = "Parking.Domain", "src\Parking.Domain\Parking.Domain.csproj", "{974607B5-9625-4644-89B4-4950CD341610}"
EndProject
Project("{FAE04EC0-301F-11D3-BF4B-00C04F79EFBC}") = "Parking.Infrastructure", "src\Parking.Infrastructure\Parking.Infrastructure.csproj", "{5F7818E6-7029-4A76-B623-B214A461F462}"
EndProject
Project("{FAE04EC0-301F-11D3-BF4B-00C04F79EFBC}") = "Parking.Contracts", "src\Parking.Contracts\Parking.Contracts.csproj", "{380171DF-2B6E-4CC6-A681-6AFCE52742D0}"
EndProject
Project("{FAE04EC0-301F-11D3-BF4B-00C04F79EFBC}") = "Parking.UnitTests", "tests\Parking.UnitTests\Parking.UnitTests.csproj", "{A70574E7-6E32-4F91-B67E-D4BE72C9A165}"
EndProject
Project("{FAE04EC0-301F-11D3-BF4B-00C04F79EFBC}") = "Parking.IntegrationTests", "tests\Parking.IntegrationTests\Parking.IntegrationTests.csproj", "{85F18E09-463E-412F-A204-50C62C1AC724}"
EndProject
Global
	GlobalSection(SolutionConfigurationPlatforms) = preSolution
		Debug|Any CPU = Debug|Any CPU
		Debug|x64 = Debug|x64
		Debug|x86 = Debug|x86
		Release|Any CPU = Release|Any CPU
		Release|x64 = Release|x64
		Release|x86 = Release|x86
	EndGlobalSection
	GlobalSection(ProjectConfigurationPlatforms) = postSolution
		{9B2D16A5-1CDE-4335-B500-B02E6CB6E379}.Debug|Any CPU.ActiveCfg = Debug|Any CPU
		{9B2D16A5-1CDE-4335-B500-B02E6CB6E379}.Debug|Any CPU.Build.0 = Debug|Any CPU
		{9B2D16A5-1CDE-4335-B500-B02E6CB6E379}.Debug|x64.ActiveCfg = Debug|Any CPU
		{9B2D16A5-1CDE-4335-B500-B02E6CB6E379}.Debug|x64.Build.0 = Debug|Any CPU
		{9B2D16A5-1CDE-4335-B500-B02E6CB6E379}.Debug|x86.ActiveCfg = Debug|Any CPU
		{9B2D16A5-1CDE-4335-B500-B02E6CB6E379}.Debug|x86.Build.0 = Debug|Any CPU
		{9B2D16A5-1CDE-4335-B500-B02E6CB6E379}.Release|Any CPU.ActiveCfg = Release|Any CPU
		{9B2D16A5-1CDE-4335-B500-B02E6CB6E379}.Release|Any CPU.Build.0 = Release|Any CPU
		{9B2D16A5-1CDE-4335-B500-B02E6CB6E379}.Release|x64.ActiveCfg = Release|Any CPU
		{9B2D16A5-1CDE-4335-B500-B02E6CB6E379}.Release|x64.Build.0 = Release|Any CPU
		{9B2D16A5-1CDE-4335-B500-B02E6CB6E379}.Release|x86.ActiveCfg = Release|Any CPU
		{9B2D16A5-1CDE-4335-B500-B02E6CB6E379}.Release|x86.Build.0 = Release|Any CPU
		{DE24709B-C446-4213-BB8D-1FCF011A4903}.Debug|Any CPU.ActiveCfg = Debug|Any CPU
		{DE24709B-C446-4213-BB8D-1FCF011A4903}.Debug|Any CPU.Build.0 = Debug|Any CPU
		{DE24709B-C446-4213-BB8D-1FCF011A4903}.Debug|x64.ActiveCfg = Debug|Any CPU
		{DE24709B-C446-4213-BB8D-1FCF011A4903}.Debug|x64.Build.0 = Debug|Any CPU
		{DE24709B-C446-4213-BB8D-1FCF011A4903}.Debug|x86.ActiveCfg = Debug|Any CPU
		{DE24709B-C446-4213-BB8D-1FCF011A4903}.Debug|x86.Build.0 = Debug|Any CPU
		{DE24709B-C446-4213-BB8D-1FCF011A4903}.Release|Any CPU.ActiveCfg = Release|Any CPU
		{DE24709B-C446-4213-BB8D-1FCF011A4903}.Release|Any CPU.Build.0 = Release|Any CPU
		{DE24709B-C446-4213-BB8D-1FCF011A4903}.Release|x64.ActiveCfg = Release|Any CPU
		{DE24709B-C446-4213-BB8D-1FCF011A4903}.Release|x64.Build.0 = Release|Any CPU
		{DE24709B-C446-4213-BB8D-1FCF011A4903}.Release|x86.ActiveCfg = Release|Any CPU
		{DE24709B-C446-4213-BB8D-1FCF011A4903}.Release|x86.Build.0 = Release|Any CPU
		{974607B5-9625-4644-89B4-4950CD341610}.Debug|Any CPU.ActiveCfg = Debug|Any CPU
		{974607B5-9625-4644-89B4-4950CD341610}.Debug|Any CPU.Build.0 = Debug|Any CPU
		{974607B5-9625-4644-89B4-4950CD341610}.Debug|x64.ActiveCfg = Debug|Any CPU
		{974607B5-9625-4644-89B4-4950CD341610}.Debug|x64.Build.0 = Debug|Any CPU
		{974607B5-9625-4644-89B4-4950CD341610}.Debug|x86.ActiveCfg = Debug|Any CPU
		{974607B5-9625-4644-89B4-4950CD341610}.Debug|x86.Build.0 = Debug|Any CPU
		{974607B5-9625-4644-89B4-4950CD341610}.Release|Any CPU.ActiveCfg = Release|Any CPU
		{974607B5-9625-4644-89B4-4950CD341610}.Release|Any CPU.Build.0 = Release|Any CPU
		{974607B5-9625-4644-89B4-4950CD341610}.Release|x64.ActiveCfg = Release|Any CPU
		{974607B5-9625-4644-89B4-4950CD341610}.Release|x64.Build.0 = Release|Any CPU
		{974607B5-9625-4644-89B4-4950CD341610}.Release|x86.ActiveCfg = Release|Any CPU
		{974607B5-9625-4644-89B4-4950CD341610}.Release|x86.Build.0 = Release|Any CPU
		{5F7818E6-7029-4A76-B623-B214A461F462}.Debug|Any CPU.ActiveCfg = Debug|Any CPU
		{5F7818E6-7029-4A76-B623-B214A461F462}.Debug|Any CPU.Build.0 = Debug|Any CPU
		{5F7818E6-7029-4A76-B623-B214A461F462}.Debug|x64.ActiveCfg = Debug|Any CPU
		{5F7818E6-7029-4A76-B623-B214A461F462}.Debug|x64.Build.0 = Debug|Any CPU
		{5F7818E6-7029-4A76-B623-B214A461F462}.Debug|x86.ActiveCfg = Debug|Any CPU
		{5F7818E6-7029-4A76-B623-B214A461F462}.Debug|x86.Build.0 = Debug|Any CPU
		{5F7818E6-7029-4A76-B623-B214A461F462}.Release|Any CPU.ActiveCfg = Release|Any CPU
		{5F7818E6-7029-4A76-B623-B214A461F462}.Release|Any CPU.Build.0 = Release|Any CPU
		{5F7818E6-7029-4A76-B623-B214A461F462}.Release|x64.ActiveCfg = Release|Any CPU
		{5F7818E6-7029-4A76-B623-B214A461F462}.Release|x64.Build.0 = Release|Any CPU
		{5F7818E6-7029-4A76-B623-B214A461F462}.Release|x86.ActiveCfg = Release|Any CPU
		{5F7818E6-7029-4A76-B623-B214A461F462}.Release|x86.Build.0 = Release|Any CPU
		{380171DF-2B6E-4CC6-A681-6AFCE52742D0}.Debug|Any CPU.ActiveCfg = Debug|Any CPU
		{380171DF-2B6E-4CC6-A681-6AFCE52742D0}.Debug|Any CPU.Build.0 = Debug|Any CPU
		{380171DF-2B6E-4CC6-A681-6AFCE52742D0}.Debug|x64.ActiveCfg = Debug|Any CPU
		{380171DF-2B6E-4CC6-A681-6AFCE52742D0}.Debug|x64.Build.0 = Debug|Any CPU
		{380171DF-2B6E-4CC6-A681-6AFCE52742D0}.Debug|x86.ActiveCfg = Debug|Any CPU
		{380171DF-2B6E-4CC6-A681-6AFCE52742D0}.Debug|x86.Build.0 = Debug|Any CPU
		{380171DF-2B6E-4CC6-A681-6AFCE52742D0}.Release|Any CPU.ActiveCfg = Release|Any CPU
		{380171DF-2B6E-4CC6-A681-6AFCE52742D0}.Release|Any CPU.Build.0 = Release|Any CPU
		{380171DF-2B6E-4CC6-A681-6AFCE52742D0}.Release|x64.ActiveCfg = Release|Any CPU
		{380171DF-2B6E-4CC6-A681-6AFCE52742D0}.Release|x64.Build.0 = Release|Any CPU
		{380171DF-2B6E-4CC6-A681-6AFCE52742D0}.Release|x86.ActiveCfg = Release|Any CPU
		{380171DF-2B6E-4CC6-A681-6AFCE52742D0}.Release|x86.Build.0 = Release|Any CPU
		{A70574E7-6E32-4F91-B67E-D4BE72C9A165}.Debug|Any CPU.ActiveCfg = Debug|Any CPU
		{A70574E7-6E32-4F91-B67E-D4BE72C9A165}.Debug|Any CPU.Build.0 = Debug|Any CPU
		{A70574E7-6E32-4F91-B67E-D4BE72C9A165}.Debug|x64.ActiveCfg = Debug|Any CPU
		{A70574E7-6E32-4F91-B67E-D4BE72C9A165}.Debug|x64.Build.0 = Debug|Any CPU
		{A70574E7-6E32-4F91-B67E-D4BE72C9A165}.Debug|x86.ActiveCfg = Debug|Any CPU
		{A70574E7-6E32-4F91-B67E-D4BE72C9A165}.Debug|x86.Build.0 = Debug|Any CPU
		{A70574E7-6E32-4F91-B67E-D4BE72C9A165}.Release|Any CPU.ActiveCfg = Release|Any CPU
		{A70574E7-6E32-4F91-B67E-D4BE72C9A165}.Release|Any CPU.Build.0 = Release|Any CPU
		{A70574E7-6E32-4F91-B67E-D4BE72C9A165}.Release|x64.ActiveCfg = Release|Any CPU
		{A70574E7-6E32-4F91-B67E-D4BE72C9A165}.Release|x64.Build.0 = Release|Any CPU
		{A70574E7-6E32-4F91-B67E-D4BE72C9A165}.Release|x86.ActiveCfg = Release|Any CPU
		{A70574E7-6E32-4F91-B67E-D4BE72C9A165}.Release|x86.Build.0 = Release|Any CPU
		{85F18E09-463E-412F-A204-50C62C1AC724}.Debug|Any CPU.ActiveCfg = Debug|Any CPU
		{85F18E09-463E-412F-A204-50C62C1AC724}.Debug|Any CPU.Build.0 = Debug|Any CPU
		{85F18E09-463E-412F-A204-50C62C1AC724}.Debug|x64.ActiveCfg = Debug|Any CPU
		{85F18E09-463E-412F-A204-50C62C1AC724}.Debug|x64.Build.0 = Debug|Any CPU
		{85F18E09-463E-412F-A204-50C62C1AC724}.Debug|x86.ActiveCfg = Debug|Any CPU
		{85F18E09-463E-412F-A204-50C62C1AC724}.Debug|x86.Build.0 = Debug|Any CPU
		{85F18E09-463E-412F-A204-50C62C1AC724}.Release|Any CPU.ActiveCfg = Release|Any CPU
		{85F18E09-463E-412F-A204-50C62C1AC724}.Release|Any CPU.Build.0 = Release|Any CPU
		{85F18E09-463E-412F-A204-50C62C1AC724}.Release|x64.ActiveCfg = Release|Any CPU
		{85F18E09-463E-412F-A204-50C62C1AC724}.Release|x64.Build.0 = Release|Any CPU
		{85F18E09-463E-412F-A204-50C62C1AC724}.Release|x86.ActiveCfg = Release|Any CPU
		{85F18E09-463E-412F-A204-50C62C1AC724}.Release|x86.Build.0 = Release|Any CPU
	EndGlobalSection
	GlobalSection(SolutionProperties) = preSolution
		HideSolutionNode = FALSE
	EndGlobalSection
	GlobalSection(NestedProjects) = preSolution
		{9B2D16A5-1CDE-4335-B500-B02E6CB6E379} = {827E0CD3-B72D-47B6-A68D-7590B98EB39B}
		{DE24709B-C446-4213-BB8D-1FCF011A4903} = {827E0CD3-B72D-47B6-A68D-7590B98EB39B}
		{974607B5-9625-4644-89B4-4950CD341610} = {827E0CD3-B72D-47B6-A68D-7590B98EB39B}
		{5F7818E6-7029-4A76-B623-B214A461F462} = {827E0CD3-B72D-47B6-A68D-7590B98EB39B}
		{380171DF-2B6E-4CC6-A681-6AFCE52742D0} = {827E0CD3-B72D-47B6-A68D-7590B98EB39B}
		{A70574E7-6E32-4F91-B67E-D4BE72C9A165} = {827E0CD3-B72D-47B6-A68D-7590B98EB39B}
		{85F18E09-463E-412F-A204-50C62C1AC724} = {827E0CD3-B72D-47B6-A68D-7590B98EB39B}
	EndGlobalSection
EndGlobal
